
Microsoft Visual Studio Solution File, Format Version 12.00
# Visual Studio Version 17
VisualStudioVersion = 17.0.31903.59
MinimumVisualStudioVersion = 10.0.40219.1
Project("{2150E333-8FDC-42A3-9474-1A3956D46DE8}") = "src", "src", "{827E0CD3-B72D-47B6-A68D-7590B98EB39B}"
EndProject
Project("{FAE04EC0-301F-11D3-BF4B-00C04F79EFBC}") = "WeatherProject.Domain", "src\WeatherProject.Domain\WeatherProject.Domain.csproj", "{7DF22C19-09B4-4E76-A57C-0FB70438F0FB}"
EndProject
Project("{FAE04EC0-301F-11D3-BF4B-00C04F79EFBC}") = "WeatherProject.Application", "src\WeatherProject.Application\WeatherProject.Application.csproj", "{626A4C9D-A7D3-457A-B1C3-3060DDB17FEE}"
EndProject
Project("{FAE04EC0-301F-11D3-BF4B-00C04F79EFBC}") = "WeatherProject.Infrastructure", "src\WeatherProject.Infrastructure\WeatherProject.Infrastructure.csproj", "{77ABAF05-B229-4060-8981-0D083787B151}"
EndProject
Project("{FAE04EC0-301F-11D3-BF4B-00C04F79EFBC}") = "WeatherProject.Api", "src\WeatherProject.Api\WeatherProject.Api.csproj", "{AE43CD37-E4E1-47D3-99E8-BB78FFAB5B1D}"
EndProject
Project("{2150E333-8FDC-42A3-9474-1A3956D46DE8}") = "tests", "tests", "{0AB3BF05-4346-4AA6-1389-037BE0695223}"
EndProject
Project("{FAE04EC0-301F-11D3-BF4B-00C04F79EFBC}") = "WeatherProject.Domain.Tests", "tests\WeatherProject.Domain.Tests\WeatherProject.Domain.Tests.csproj", "{D00CEAF7-9FDF-4735-B557-58E859E7BF5D}"
EndProject
Project("{FAE04EC0-301F-11D3-BF4B-00C04F79EFBC}") = "WeatherProject.Application.Tests", "tests\WeatherProject.Application.Tests\WeatherProject.Application.Tests.csproj", "{C2F7A65E-7F2C-43CB-91AC-631BE6000355}"
EndProject
Project("{FAE04EC0-301F-11D3-BF4B-00C04F79EFBC}") = "WeatherProject.Infrastructure.Tests", "tests\WeatherProject.Infrastructure.Tests\WeatherProject.Infrastructure.Tests.csproj", "{317C302C-B137-4C1A-9A6D-9CA2646BAD75}"
EndProject
Project("{FAE04EC0-301F-11D3-BF4B-00C04F79EFBC}") = "WeatherProject.Api.Tests", "tests\WeatherProject.Api.Tests\WeatherProject.Api.Tests.csproj", "{486B3BC3-E166-438E-A9FE-3809AEE625FA}"
EndProject
Global
	GlobalSection(SolutionConfigurationPlatforms) = preSolution
		Debug|Any CPU = Debug|Any CPU
		Debug|x64 = Debug|x64
		Debug|x86 = Debug|x86
		Release|Any CPU = Release|Any CPU
		Release|x64 = Release|x64
		Release|x86 = Release|x86
	EndGlobalSection
	GlobalSection(ProjectConfigurationPlatforms) = postSolution
		{7DF22C19-09B4-4E76-A57C-0FB70438F0FB}.Debug|Any CPU.ActiveCfg = Debug|Any CPU
		{7DF22C19-09B4-4E76-A57C-0FB70438F0FB}.Debug|Any CPU.Build.0 = Debug|Any CPU
		{7DF22C19-09B4-4E76-A57C-0FB70438F0FB}.Debug|x64.ActiveCfg = Debug|Any CPU
		{7DF22C19-09B4-4E76-A57C-0FB70438F0FB}.Debug|x64.Build.0 = Debug|Any CPU
		{7DF22C19-09B4-4E76-A57C-0FB70438F0FB}.Debug|x86.ActiveCfg = Debug|Any CPU
		{7DF22C19-09B4-4E76-A57C-0FB70438F0FB}.Debug|x86.Build.0 = Debug|Any CPU
		{7DF22C19-09B4-4E76-A57C-0FB70438F0FB}.Release|Any CPU.ActiveCfg = Release|Any CPU
		{7DF22C19-09B4-4E76-A57C-0FB70438F0FB}.Release|Any CPU.Build.0 = Release|Any CPU
		{7DF22C19-09B4-4E76-A57C-0FB70438F0FB}.Release|x64.ActiveCfg = Release|Any CPU
		{7DF22C19-09B4-4E76-A57C-0FB70438F0FB}.Release|x64.Build.0 = Release|Any CPU
		{7DF22C19-09B4-4E76-A57C-0FB70438F0FB}.Release|x86.ActiveCfg = Release|Any CPU
		{7DF22C19-09B4-4E76-A57C-0FB70438F0FB}.Release|x86.Build.0 = Release|Any CPU
		{626A4C9D-A7D3-457A-B1C3-3060DDB17FEE}.Debug|Any CPU.ActiveCfg = Debug|Any CPU
		{626A4C9D-A7D3-457A-B1C3-3060DDB17FEE}.Debug|Any CPU.Build.0 = Debug|Any CPU
		{626A4C9D-A7D3-457A-B1C3-3060DDB17FEE}.Debug|x64.ActiveCfg = Debug|Any CPU
		{626A4C9D-A7D3-457A-B1C3-3060DDB17FEE}.Debug|x64.Build.0 = Debug|Any CPU
		{626A4C9D-A7D3-457A-B1C3-3060DDB17FEE}.Debug|x86.ActiveCfg = Debug|Any CPU
		{626A4C9D-A7D3-457A-B1C3-3060DDB17FEE}.Debug|x86.Build.0 = Debug|Any CPU
		{626A4C9D-A7D3-457A-B1C3-3060DDB17FEE}.Release|Any CPU.ActiveCfg = Release|Any CPU
		{626A4C9D-A7D3-457A-B1C3-3060DDB17FEE}.Release|Any CPU.Build.0 = Release|Any CPU
		{626A4C9D-A7D3-457A-B1C3-3060DDB17FEE}.Release|x64.ActiveCfg = Release|Any CPU
		{626A4C9D-A7D3-457A-B1C3-3060DDB17FEE}.Release|x64.Build.0 = Release|Any CPU
		{626A4C9D-A7D3-457A-B1C3-3060DDB17FEE}.Release|x86.ActiveCfg = Release|Any CPU
		{626A4C9D-A7D3-457A-B1C3-3060DDB17FEE}.Release|x86.Build.0 = Release|Any CPU
		{77ABAF05-B229-4060-8981-0D083787B151}.Debug|Any CPU.ActiveCfg = Debug|Any CPU
		{77ABAF05-B229-4060-8981-0D083787B151}.Debug|Any CPU.Build.0 = Debug|Any CPU
		{77ABAF05-B229-4060-8981-0D083787B151}.Debug|x64.ActiveCfg = Debug|Any CPU
		{77ABAF05-B229-4060-8981-0D083787B151}.Debug|x64.Build.0 = Debug|Any CPU
		{77ABAF05-B229-4060-8981-0D083787B151}.Debug|x86.ActiveCfg = Debug|Any CPU
		{77ABAF05-B229-4060-8981-0D083787B151}.Debug|x86.Build.0 = Debug|Any CPU
		{77ABAF05-B229-4060-8981-0D083787B151}.Release|Any CPU.ActiveCfg = Release|Any CPU
		{77ABAF05-B229-4060-8981-0D083787B151}.Release|Any CPU.Build.0 = Release|Any CPU
		{77ABAF05-B229-4060-8981-0D083787B151}.Release|x64.ActiveCfg = Release|Any CPU
		{77ABAF05-B229-4060-8981-0D083787B151}.Release|x64.Build.0 = Release|Any CPU
		{77ABAF05-B229-4060-8981-0D083787B151}.Release|x86.ActiveCfg = Release|Any CPU
		{77ABAF05-B229-4060-8981-0D083787B151}.Release|x86.Build.0 = Release|Any CPU
		{AE43CD37-E4E1-47D3-99E8-BB78FFAB5B1D}.Debug|Any CPU.ActiveCfg = Debug|Any CPU
		{AE43CD37-E4E1-47D3-99E8-BB78FFAB5B1D}.Debug|Any CPU.Build.0 = Debug|Any CPU
		{AE43CD37-E4E1-47D3-99E8-BB78FFAB5B1D}.Debug|x64.ActiveCfg = Debug|Any CPU
		{AE43CD37-E4E1-47D3-99E8-BB78FFAB5B1D}.Debug|x64.Build.0 = Debug|Any CPU
		{AE43CD37-E4E1-47D3-99E8-BB78FFAB5B1D}.Debug|x86.ActiveCfg = Debug|Any CPU
		{AE43CD37-E4E1-47D3-99E8-BB78FFAB5B1D}.Debug|x86.Build.0 = Debug|Any CPU
		{AE43CD37-E4E1-47D3-99E8-BB78FFAB5B1D}.Release|Any CPU.ActiveCfg = Release|Any CPU
		{AE43CD37-E4E1-47D3-99E8-BB78FFAB5B1D}.Release|Any CPU.Build.0 = Release|Any CPU
		{AE43CD37-E4E1-47D3-99E8-BB78FFAB5B1D}.Release|x64.ActiveCfg = Release|Any CPU
		{AE43CD37-E4E1-47D3-99E8-BB78FFAB5B1D}.Release|x64.Build.0 = Release|Any CPU
		{AE43CD37-E4E1-47D3-99E8-BB78FFAB5B1D}.Release|x86.ActiveCfg = Release|Any CPU
		{AE43CD37-E4E1-47D3-99E8-BB78FFAB5B1D}.Release|x86.Build.0 = Release|Any CPU
		{D00CEAF7-9FDF-4735-B557-58E859E7BF5D}.Debug|Any CPU.ActiveCfg = Debug|Any CPU
		{D00CEAF7-9FDF-4735-B557-58E859E7BF5D}.Debug|Any CPU.Build.0 = Debug|Any CPU
		{D00CEAF7-9FDF-4735-B557-58E859E7BF5D}.Debug|x64.ActiveCfg = Debug|Any CPU
		{D00CEAF7-9FDF-4735-B557-58E859E7BF5D}.Debug|x64.Build.0 = Debug|Any CPU
		{D00CEAF7-9FDF-4735-B557-58E859E7BF5D}.Debug|x86.ActiveCfg = Debug|Any CPU
		{D00CEAF7-9FDF-4735-B557-58E859E7BF5D}.Debug|x86.Build.0 = Debug|Any CPU
		{D00CEAF7-9FDF-4735-B557-58E859E7BF5D}.Release|Any CPU.ActiveCfg = Release|Any CPU
		{D00CEAF7-9FDF-4735-B557-58E859E7BF5D}.Release|Any CPU.Build.0 = Release|Any CPU
		{D00CEAF7-9FDF-4735-B557-58E859E7BF5D}.Release|x64.ActiveCfg = Release|Any CPU
		{D00CEAF7-9FDF-4735-B557-58E859E7BF5D}.Release|x64.Build.0 = Release|Any CPU
		{D00CEAF7-9FDF-4735-B557-58E859E7BF5D}.Release|x86.ActiveCfg = Release|Any CPU
		{D00CEAF7-9FDF-4735-B557-58E859E7BF5D}.Release|x86.Build.0 = Release|Any CPU
		{C2F7A65E-7F2C-43CB-91AC-631BE6000355}.Debug|Any CPU.ActiveCfg = Debug|Any CPU
		{C2F7A65E-7F2C-43CB-91AC-631BE6000355}.Debug|Any CPU.Build.0 = Debug|Any CPU
		{C2F7A65E-7F2C-43CB-91AC-631BE6000355}.Debug|x64.ActiveCfg = Debug|Any CPU
		{C2F7A65E-7F2C-43CB-91AC-631BE6000355}.Debug|x64.Build.0 = Debug|Any CPU
		{C2F7A65E-7F2C-43CB-91AC-631BE6000355}.Debug|x86.ActiveCfg = Debug|Any CPU
		{C2F7A65E-7F2C-43CB-91AC-631BE6000355}.Debug|x86.Build.0 = Debug|Any CPU
		{C2F7A65E-7F2C-43CB-91AC-631BE6000355}.Release|Any CPU.ActiveCfg = Release|Any CPU
		{C2F7A65E-7F2C-43CB-91AC-631BE6000355}.Release|Any CPU.Build.0 = Release|Any CPU
		{C2F7A65E-7F2C-43CB-91AC-631BE6000355}.Release|x64.ActiveCfg = Release|Any CPU
		{C2F7A65E-7F2C-43CB-91AC-631BE6000355}.Release|x64.Build.0 = Release|Any CPU
		{C2F7A65E-7F2C-43CB-91AC-631BE6000355}.Release|x86.ActiveCfg = Release|Any CPU
		{C2F7A65E-7F2C-43CB-91AC-631BE6000355}.Release|x86.Build.0 = Release|Any CPU
		{317C302C-B137-4C1A-9A6D-9CA2646BAD75}.Debug|Any CPU.ActiveCfg = Debug|Any CPU
		{317C302C-B137-4C1A-9A6D-9CA2646BAD75}.Debug|Any CPU.Build.0 = Debug|Any CPU
		{317C302C-B137-4C1A-9A6D-9CA2646BAD75}.Debug|x64.ActiveCfg = Debug|Any CPU
		{317C302C-B137-4C1A-9A6D-9CA2646BAD75}.Debug|x64.Build.0 = Debug|Any CPU
		{317C302C-B137-4C1A-9A6D-9CA2646BAD75}.Debug|x86.ActiveCfg = Debug|Any CPU
		{317C302C-B137-4C1A-9A6D-9CA2646BAD75}.Debug|x86.Build.0 = Debug|Any CPU
		{317C302C-B137-4C1A-9A6D-9CA2646BAD75}.Release|Any CPU.ActiveCfg = Release|Any CPU
		{317C302C-B137-4C1A-9A6D-9CA2646BAD75}.Release|Any CPU.Build.0 = Release|Any CPU
		{317C302C-B137-4C1A-9A6D-9CA2646BAD75}.Release|x64.ActiveCfg = Release|Any CPU
		{317C302C-B137-4C1A-9A6D-9CA2646BAD75}.Release|x64.Build.0 = Release|Any CPU
		{317C302C-B137-4C1A-9A6D-9CA2646BAD75}.Release|x86.ActiveCfg = Release|Any CPU
		{317C302C-B137-4C1A-9A6D-9CA2646BAD75}.Release|x86.Build.0 = Release|Any CPU
		{486B3BC3-E166-438E-A9FE-3809AEE625FA}.Debug|Any CPU.ActiveCfg = Debug|Any CPU
		{486B3BC3-E166-438E-A9FE-3809AEE625FA}.Debug|Any CPU.Build.0 = Debug|Any CPU
		{486B3BC3-E166-438E-A9FE-3809AEE625FA}.Debug|x64.ActiveCfg = Debug|Any CPU
		{486B3BC3-E166-438E-A9FE-3809AEE625FA}.Debug|x64.Build.0 = Debug|Any CPU
		{486B3BC3-E166-438E-A9FE-3809AEE625FA}.Debug|x86.ActiveCfg = Debug|Any CPU
		{486B3BC3-E166-438E-A9FE-3809AEE625FA}.Debug|x86.Build.0 = Debug|Any CPU
		{486B3BC3-E166-438E-A9FE-3809AEE625FA}.Release|Any CPU.ActiveCfg = Release|Any CPU
		{486B3BC3-E166-438E-A9FE-3809AEE625FA}.Release|Any CPU.Build.0 = Release|Any CPU
		{486B3BC3-E166-438E-A9FE-3809AEE625FA}.Release|x64.ActiveCfg = Release|Any CPU
		{486B3BC3-E166-438E-A9FE-3809AEE625FA}.Release|x64.Build.0 = Release|Any CPU
		{486B3BC3-E166-438E-A9FE-3809AEE625FA}.Release|x86.ActiveCfg = Release|Any CPU
		{486B3BC3-E166-438E-A9FE-3809AEE625FA}.Release|x86.Build.0 = Release|Any CPU
	EndGlobalSection
	GlobalSection(SolutionProperties) = preSolution
		HideSolutionNode = FALSE
	EndGlobalSection
	GlobalSection(NestedProjects) = preSolution
		{7DF22C19-09B4-4E76-A57C-0FB70438F0FB} = {827E0CD3-B72D-47B6-A68D-7590B98EB39B}
		{626A4C9D-A7D3-457A-B1C3-3060DDB17FEE} = {827E0CD3-B72D-47B6-A68D-7590B98EB39B}
		{77ABAF05-B229-4060-8981-0D083787B151} = {827E0CD3-B72D-47B6-A68D-7590B98EB39B}
		{AE43CD37-E4E1-47D3-99E8-BB78FFAB5B1D} = {827E0CD3-B72D-47B6-A68D-7590B98EB39B}
		{D00CEAF7-9FDF-4735-B557-58E859E7BF5D} = {0AB3BF05-4346-4AA6-1389-037BE0695223}
		{C2F7A65E-7F2C-43CB-91AC-631BE6000355} = {0AB3BF05-4346-4AA6-1389-037BE0695223}
		{317C302C-B137-4C1A-9A6D-9CA2646BAD75} = {0AB3BF05-4346-4AA6-1389-037BE0695223}
		{486B3BC3-E166-438E-A9FE-3809AEE625FA} = {0AB3BF05-4346-4AA6-1389-037BE0695223}
	EndGlobalSection
EndGlobal
